
Microsoft Visual Studio Solution File, Format Version 12.00
# Visual Studio Version 17
VisualStudioVersion = 17.4.33213.308
MinimumVisualStudioVersion = 10.0.40219.1
Project("{FAE04EC0-301F-11D3-BF4B-00C04F79EFBC}") = "Prak 7", "Prak 7.csproj", "{A0CEFC0E-FD9D-4F65-874B-6DEBC6A7EC91}"
EndProject
Global
	GlobalSection(SolutionConfigurationPlatforms) = preSolution
		Debug|Any CPU = Debug|Any CPU
		Release|Any CPU = Release|Any CPU
	EndGlobalSection
	GlobalSection(ProjectConfigurationPlatforms) = postSolution
		{A0CEFC0E-FD9D-4F65-874B-6DEBC6A7EC91}.Debug|Any CPU.ActiveCfg = Debug|Any CPU
		{A0CEFC0E-FD9D-4F65-874B-6DEBC6A7EC91}.Debug|Any CPU.Build.0 = Debug|Any CPU
		{A0CEFC0E-FD9D-4F65-874B-6DEBC6A7EC91}.Release|Any CPU.ActiveCfg = Release|Any CPU
		{A0CEFC0E-FD9D-4F65-874B-6DEBC6A7EC91}.Release|Any CPU.Build.0 = Release|Any CPU
	EndGlobalSection
	GlobalSection(SolutionProperties) = preSolution
		HideSolutionNode = FALSE
	EndGlobalSection
	GlobalSection(ExtensibilityGlobals) = postSolution
		SolutionGuid = {4138DFD0-626B-42F1-A407-03DD1A5290D9}
	EndGlobalSection
EndGlobal
